
Microsoft Visual Studio Solution File, Format Version 12.00
Project("{FAE04EC0-301F-11D3-BF4B-00C04F79EFBC}") = "eQuantic.Mapper", "src\eQuantic.Mapper\eQuantic.Mapper.csproj", "{0183CC23-E090-4D49-9EDB-DB2FA24EF34C}"
EndProject
Project("{2150E333-8FDC-42A3-9474-1A3956D46DE8}") = "root", "root", "{28F51E6F-D0A4-44A7-96E9-92EB7FAE0CAE}"
	ProjectSection(SolutionItems) = preProject
		README.md = README.md
		NuGet.Config = NuGet.Config
		LICENSE = LICENSE
	EndProjectSection
EndProject
Project("{2150E333-8FDC-42A3-9474-1A3956D46DE8}") = "src", "src", "{384011EF-95DB-458B-8DF2-FB3BFCFB2529}"
EndProject
Project("{FAE04EC0-301F-11D3-BF4B-00C04F79EFBC}") = "eQuantic.Mapper.Sample", "src\eQuantic.Mapper.Sample\eQuantic.Mapper.Sample.csproj", "{46C414D2-032A-497C-BC2D-1C594E889867}"
EndProject
Project("{FAE04EC0-301F-11D3-BF4B-00C04F79EFBC}") = "eQuantic.Mapper.Generator", "src\eQuantic.Mapper.Generator\eQuantic.Mapper.Generator.csproj", "{9FF598F5-D6B7-47A2-8321-DCAEA5FF6D70}"
EndProject
Project("{2150E333-8FDC-42A3-9474-1A3956D46DE8}") = "tests", "tests", "{BB07FD55-DEDA-454A-BF18-F3321714EDB4}"
EndProject
Project("{FAE04EC0-301F-11D3-BF4B-00C04F79EFBC}") = "eQuantic.Mapper.Tests", "tests\eQuantic.Mapper.Tests\eQuantic.Mapper.Tests.csproj", "{2E9F34DB-52F3-4D73-B22F-685685955E74}"
EndProject
Project("{FAE04EC0-301F-11D3-BF4B-00C04F79EFBC}") = "eQuantic.Mapper.Generator.Tests", "tests\eQuantic.Mapper.Generator.Tests\eQuantic.Mapper.Generator.Tests.csproj", "{E7398ED9-CC2B-4287-A017-65C888638C0F}"
EndProject
Project("{2150E333-8FDC-42A3-9474-1A3956D46DE8}") = "github", "github", "{79C20F73-F568-49F4-A9C0-AD8E305D095C}"
EndProject
Project("{2150E333-8FDC-42A3-9474-1A3956D46DE8}") = "workflows", "workflows", "{7B9DA168-F460-4158-B0F0-CD0F5D49B624}"
	ProjectSection(SolutionItems) = preProject
		.github\workflows\dotnetcore.yml = .github\workflows\dotnetcore.yml
	EndProjectSection
EndProject
Global
	GlobalSection(SolutionConfigurationPlatforms) = preSolution
		Debug|Any CPU = Debug|Any CPU
		Release|Any CPU = Release|Any CPU
	EndGlobalSection
	GlobalSection(ProjectConfigurationPlatforms) = postSolution
		{0183CC23-E090-4D49-9EDB-DB2FA24EF34C}.Debug|Any CPU.ActiveCfg = Debug|Any CPU
		{0183CC23-E090-4D49-9EDB-DB2FA24EF34C}.Debug|Any CPU.Build.0 = Debug|Any CPU
		{0183CC23-E090-4D49-9EDB-DB2FA24EF34C}.Release|Any CPU.ActiveCfg = Release|Any CPU
		{0183CC23-E090-4D49-9EDB-DB2FA24EF34C}.Release|Any CPU.Build.0 = Release|Any CPU
		{46C414D2-032A-497C-BC2D-1C594E889867}.Debug|Any CPU.ActiveCfg = Debug|Any CPU
		{46C414D2-032A-497C-BC2D-1C594E889867}.Debug|Any CPU.Build.0 = Debug|Any CPU
		{46C414D2-032A-497C-BC2D-1C594E889867}.Release|Any CPU.ActiveCfg = Release|Any CPU
		{46C414D2-032A-497C-BC2D-1C594E889867}.Release|Any CPU.Build.0 = Release|Any CPU
		{9FF598F5-D6B7-47A2-8321-DCAEA5FF6D70}.Debug|Any CPU.ActiveCfg = Debug|Any CPU
		{9FF598F5-D6B7-47A2-8321-DCAEA5FF6D70}.Debug|Any CPU.Build.0 = Debug|Any CPU
		{9FF598F5-D6B7-47A2-8321-DCAEA5FF6D70}.Release|Any CPU.ActiveCfg = Release|Any CPU
		{9FF598F5-D6B7-47A2-8321-DCAEA5FF6D70}.Release|Any CPU.Build.0 = Release|Any CPU
		{2E9F34DB-52F3-4D73-B22F-685685955E74}.Debug|Any CPU.ActiveCfg = Debug|Any CPU
		{2E9F34DB-52F3-4D73-B22F-685685955E74}.Debug|Any CPU.Build.0 = Debug|Any CPU
		{2E9F34DB-52F3-4D73-B22F-685685955E74}.Release|Any CPU.ActiveCfg = Release|Any CPU
		{2E9F34DB-52F3-4D73-B22F-685685955E74}.Release|Any CPU.Build.0 = Release|Any CPU
		{E7398ED9-CC2B-4287-A017-65C888638C0F}.Debug|Any CPU.ActiveCfg = Debug|Any CPU
		{E7398ED9-CC2B-4287-A017-65C888638C0F}.Debug|Any CPU.Build.0 = Debug|Any CPU
		{E7398ED9-CC2B-4287-A017-65C888638C0F}.Release|Any CPU.ActiveCfg = Release|Any CPU
		{E7398ED9-CC2B-4287-A017-65C888638C0F}.Release|Any CPU.Build.0 = Release|Any CPU
	EndGlobalSection
	GlobalSection(NestedProjects) = preSolution
		{0183CC23-E090-4D49-9EDB-DB2FA24EF34C} = {384011EF-95DB-458B-8DF2-FB3BFCFB2529}
		{46C414D2-032A-497C-BC2D-1C594E889867} = {384011EF-95DB-458B-8DF2-FB3BFCFB2529}
		{9FF598F5-D6B7-47A2-8321-DCAEA5FF6D70} = {384011EF-95DB-458B-8DF2-FB3BFCFB2529}
		{2E9F34DB-52F3-4D73-B22F-685685955E74} = {BB07FD55-DEDA-454A-BF18-F3321714EDB4}
		{E7398ED9-CC2B-4287-A017-65C888638C0F} = {BB07FD55-DEDA-454A-BF18-F3321714EDB4}
		{79C20F73-F568-49F4-A9C0-AD8E305D095C} = {28F51E6F-D0A4-44A7-96E9-92EB7FAE0CAE}
		{7B9DA168-F460-4158-B0F0-CD0F5D49B624} = {79C20F73-F568-49F4-A9C0-AD8E305D095C}
	EndGlobalSection
EndGlobal
